
Microsoft Visual Studio Solution File, Format Version 12.00
# Visual Studio Version 16
VisualStudioVersion = 16.0.31313.79
MinimumVisualStudioVersion = 10.0.40219.1
Project("{8BC9CEB8-8B4A-11D0-8D11-00A0C91BC942}") = "AutoRunViewer", "AutoRunViewer.vcxproj", "{D10BC12E-7FC8-4F6A-8EBC-A59EBF23D3EB}"
EndProject
Global
	GlobalSection(SolutionConfigurationPlatforms) = preSolution
		Debug|x64 = Debug|x64
		Release|x64 = Release|x64
	EndGlobalSection
	GlobalSection(ProjectConfigurationPlatforms) = postSolution
		{D10BC12E-7FC8-4F6A-8EBC-A59EBF23D3EB}.Debug|x64.ActiveCfg = Debug|x64
		{D10BC12E-7FC8-4F6A-8EBC-A59EBF23D3EB}.Debug|x64.Build.0 = Debug|x64
		{D10BC12E-7FC8-4F6A-8EBC-A59EBF23D3EB}.Release|x64.ActiveCfg = Release|x64
		{D10BC12E-7FC8-4F6A-8EBC-A59EBF23D3EB}.Release|x64.Build.0 = Release|x64
	EndGlobalSection
	GlobalSection(SolutionProperties) = preSolution
		HideSolutionNode = FALSE
	EndGlobalSection
	GlobalSection(ExtensibilityGlobals) = postSolution
		SolutionGuid = {AAAB70A4-233D-4D22-B4C5-9B520B821871}
	EndGlobalSection
EndGlobal
